
Microsoft Visual Studio Solution File, Format Version 12.00
# Visual Studio 2012
Project("{FAE04EC0-301F-11D3-BF4B-00C04F79EFBC}") = "AdSoftSystems.Common.Core", "Common.Core\AdSoftSystems.Common.Core.csproj", "{94DC46D6-168F-42BA-94EB-AA893BB947DB}"
EndProject
Project("{2150E333-8FDC-42A3-9474-1A3956D46DE8}") = "Common", "Common", "{F655F97D-7892-4571-840D-0BC0FC994459}"
EndProject
Project("{2150E333-8FDC-42A3-9474-1A3956D46DE8}") = "Mobile", "Mobile", "{9A431E82-FFFD-47B0-AACA-26D4E2AA2591}"
EndProject
Project("{2150E333-8FDC-42A3-9474-1A3956D46DE8}") = "Backend", "Backend", "{A5A3A836-BE62-4337-936D-F89331DB55D2}"
EndProject
Project("{FAE04EC0-301F-11D3-BF4B-00C04F79EFBC}") = "AdSoftwareSystems.Tracking.Common.Core", "Tracking.Common.Core\AdSoftwareSystems.Tracking.Common.Core.csproj", "{E2BBE1F7-B068-4959-B615-934DE6E16171}"
EndProject
Project("{FAE04EC0-301F-11D3-BF4B-00C04F79EFBC}") = "AdSoftwareSystems.Tracking.Gateway.Bootstrapper", "Backend\Tracking.Gateway.Bootstrapper\AdSoftwareSystems.Tracking.Gateway.Bootstrapper.csproj", "{7616FB1B-E582-4B84-81C8-031E96969310}"
EndProject
Project("{FAE04EC0-301F-11D3-BF4B-00C04F79EFBC}") = "AdSoftwareSystems.Tracking.Gateway", "Backend\Tracking.Gateway\AdSoftwareSystems.Tracking.Gateway.csproj", "{E4B6E647-0B8F-4D16-94E6-D3C947FCB93E}"
EndProject
Project("{FAE04EC0-301F-11D3-BF4B-00C04F79EFBC}") = "AdSoftwareSystems.Tracking.Mobile.Core", "Tracking.Mobile.Core\AdSoftwareSystems.Tracking.Mobile.Core.csproj", "{1C46FB45-C23D-4154-9AA4-6D5653111EB6}"
EndProject
Project("{FAE04EC0-301F-11D3-BF4B-00C04F79EFBC}") = "AdSoftwareSystems.Tracking.Mobile.Phone", "Tracking.Mobile.Phone\AdSoftwareSystems.Tracking.Mobile.Phone.csproj", "{98C1895A-1120-4E2F-89F0-526A5B997477}"
EndProject
Project("{FAE04EC0-301F-11D3-BF4B-00C04F79EFBC}") = "AdSoftwareSystems.Tracking.Mobile.Droid", "Tracking.Mobile.Android\AdSoftwareSystems.Tracking.Mobile.Droid.csproj", "{B1CECB4E-1EB8-4354-9E7C-474C1C2BBF04}"
EndProject
Project("{FAE04EC0-301F-11D3-BF4B-00C04F79EFBC}") = "AdSoftwareSystems.Tracking.Mobile.Store", "Tracking.Mobile.Store\AdSoftwareSystems.Tracking.Mobile.Store.csproj", "{2CF6D026-4219-461D-B60A-870536F827E4}"
EndProject
Project("{FAE04EC0-301F-11D3-BF4B-00C04F79EFBC}") = "AdSoftwareSystems.Tracking.Mobile.Ios", "Tracking.Mobile.Ios\AdSoftwareSystems.Tracking.Mobile.Ios.csproj", "{556653CC-812A-446B-8877-5DAEA9D717EF}"
EndProject
Project("{FAE04EC0-301F-11D3-BF4B-00C04F79EFBC}") = "AdSoftwareSystems.Tracking.Mobile.Wpf", "Tracking.Mobile.Wpf\AdSoftwareSystems.Tracking.Mobile.Wpf\AdSoftwareSystems.Tracking.Mobile.Wpf.csproj", "{1884B574-C4C6-4C8C-BCAB-937A96E17459}"
EndProject
Global
	GlobalSection(SolutionConfigurationPlatforms) = preSolution
		Ad-Hoc|Any CPU = Ad-Hoc|Any CPU
		Ad-Hoc|ARM = Ad-Hoc|ARM
		Ad-Hoc|iPhone = Ad-Hoc|iPhone
		Ad-Hoc|iPhoneSimulator = Ad-Hoc|iPhoneSimulator
		Ad-Hoc|Mixed Platforms = Ad-Hoc|Mixed Platforms
		Ad-Hoc|x64 = Ad-Hoc|x64
		Ad-Hoc|x86 = Ad-Hoc|x86
		AppStore|Any CPU = AppStore|Any CPU
		AppStore|ARM = AppStore|ARM
		AppStore|iPhone = AppStore|iPhone
		AppStore|iPhoneSimulator = AppStore|iPhoneSimulator
		AppStore|Mixed Platforms = AppStore|Mixed Platforms
		AppStore|x64 = AppStore|x64
		AppStore|x86 = AppStore|x86
		Debug|Any CPU = Debug|Any CPU
		Debug|ARM = Debug|ARM
		Debug|iPhone = Debug|iPhone
		Debug|iPhoneSimulator = Debug|iPhoneSimulator
		Debug|Mixed Platforms = Debug|Mixed Platforms
		Debug|x64 = Debug|x64
		Debug|x86 = Debug|x86
		Release|Any CPU = Release|Any CPU
		Release|ARM = Release|ARM
		Release|iPhone = Release|iPhone
		Release|iPhoneSimulator = Release|iPhoneSimulator
		Release|Mixed Platforms = Release|Mixed Platforms
		Release|x64 = Release|x64
		Release|x86 = Release|x86
	EndGlobalSection
	GlobalSection(ProjectConfigurationPlatforms) = postSolution
		{94DC46D6-168F-42BA-94EB-AA893BB947DB}.Ad-Hoc|Any CPU.ActiveCfg = Release|Any CPU
		{94DC46D6-168F-42BA-94EB-AA893BB947DB}.Ad-Hoc|Any CPU.Build.0 = Release|Any CPU
		{94DC46D6-168F-42BA-94EB-AA893BB947DB}.Ad-Hoc|ARM.ActiveCfg = Release|Any CPU
		{94DC46D6-168F-42BA-94EB-AA893BB947DB}.Ad-Hoc|iPhone.ActiveCfg = Release|Any CPU
		{94DC46D6-168F-42BA-94EB-AA893BB947DB}.Ad-Hoc|iPhoneSimulator.ActiveCfg = Release|Any CPU
		{94DC46D6-168F-42BA-94EB-AA893BB947DB}.Ad-Hoc|Mixed Platforms.ActiveCfg = Release|Any CPU
		{94DC46D6-168F-42BA-94EB-AA893BB947DB}.Ad-Hoc|Mixed Platforms.Build.0 = Release|Any CPU
		{94DC46D6-168F-42BA-94EB-AA893BB947DB}.Ad-Hoc|x64.ActiveCfg = Release|Any CPU
		{94DC46D6-168F-42BA-94EB-AA893BB947DB}.Ad-Hoc|x86.ActiveCfg = Release|Any CPU
		{94DC46D6-168F-42BA-94EB-AA893BB947DB}.AppStore|Any CPU.ActiveCfg = Release|Any CPU
		{94DC46D6-168F-42BA-94EB-AA893BB947DB}.AppStore|Any CPU.Build.0 = Release|Any CPU
		{94DC46D6-168F-42BA-94EB-AA893BB947DB}.AppStore|ARM.ActiveCfg = Release|Any CPU
		{94DC46D6-168F-42BA-94EB-AA893BB947DB}.AppStore|iPhone.ActiveCfg = Release|Any CPU
		{94DC46D6-168F-42BA-94EB-AA893BB947DB}.AppStore|iPhoneSimulator.ActiveCfg = Release|Any CPU
		{94DC46D6-168F-42BA-94EB-AA893BB947DB}.AppStore|Mixed Platforms.ActiveCfg = Release|Any CPU
		{94DC46D6-168F-42BA-94EB-AA893BB947DB}.AppStore|Mixed Platforms.Build.0 = Release|Any CPU
		{94DC46D6-168F-42BA-94EB-AA893BB947DB}.AppStore|x64.ActiveCfg = Release|Any CPU
		{94DC46D6-168F-42BA-94EB-AA893BB947DB}.AppStore|x86.ActiveCfg = Release|Any CPU
		{94DC46D6-168F-42BA-94EB-AA893BB947DB}.Debug|Any CPU.ActiveCfg = Debug|Any CPU
		{94DC46D6-168F-42BA-94EB-AA893BB947DB}.Debug|Any CPU.Build.0 = Debug|Any CPU
		{94DC46D6-168F-42BA-94EB-AA893BB947DB}.Debug|ARM.ActiveCfg = Debug|Any CPU
		{94DC46D6-168F-42BA-94EB-AA893BB947DB}.Debug|iPhone.ActiveCfg = Debug|Any CPU
		{94DC46D6-168F-42BA-94EB-AA893BB947DB}.Debug|iPhoneSimulator.ActiveCfg = Debug|Any CPU
		{94DC46D6-168F-42BA-94EB-AA893BB947DB}.Debug|Mixed Platforms.ActiveCfg = Debug|Any CPU
		{94DC46D6-168F-42BA-94EB-AA893BB947DB}.Debug|Mixed Platforms.Build.0 = Debug|Any CPU
		{94DC46D6-168F-42BA-94EB-AA893BB947DB}.Debug|x64.ActiveCfg = Debug|Any CPU
		{94DC46D6-168F-42BA-94EB-AA893BB947DB}.Debug|x86.ActiveCfg = Debug|Any CPU
		{94DC46D6-168F-42BA-94EB-AA893BB947DB}.Release|Any CPU.ActiveCfg = Release|Any CPU
		{94DC46D6-168F-42BA-94EB-AA893BB947DB}.Release|Any CPU.Build.0 = Release|Any CPU
		{94DC46D6-168F-42BA-94EB-AA893BB947DB}.Release|ARM.ActiveCfg = Release|Any CPU
		{94DC46D6-168F-42BA-94EB-AA893BB947DB}.Release|iPhone.ActiveCfg = Release|Any CPU
		{94DC46D6-168F-42BA-94EB-AA893BB947DB}.Release|iPhoneSimulator.ActiveCfg = Release|Any CPU
		{94DC46D6-168F-42BA-94EB-AA893BB947DB}.Release|Mixed Platforms.ActiveCfg = Release|Any CPU
		{94DC46D6-168F-42BA-94EB-AA893BB947DB}.Release|Mixed Platforms.Build.0 = Release|Any CPU
		{94DC46D6-168F-42BA-94EB-AA893BB947DB}.Release|x64.ActiveCfg = Release|Any CPU
		{94DC46D6-168F-42BA-94EB-AA893BB947DB}.Release|x86.ActiveCfg = Release|Any CPU
		{E2BBE1F7-B068-4959-B615-934DE6E16171}.Ad-Hoc|Any CPU.ActiveCfg = Release|Any CPU
		{E2BBE1F7-B068-4959-B615-934DE6E16171}.Ad-Hoc|Any CPU.Build.0 = Release|Any CPU
		{E2BBE1F7-B068-4959-B615-934DE6E16171}.Ad-Hoc|ARM.ActiveCfg = Release|Any CPU
		{E2BBE1F7-B068-4959-B615-934DE6E16171}.Ad-Hoc|iPhone.ActiveCfg = Release|Any CPU
		{E2BBE1F7-B068-4959-B615-934DE6E16171}.Ad-Hoc|iPhoneSimulator.ActiveCfg = Release|Any CPU
		{E2BBE1F7-B068-4959-B615-934DE6E16171}.Ad-Hoc|Mixed Platforms.ActiveCfg = Release|Any CPU
		{E2BBE1F7-B068-4959-B615-934DE6E16171}.Ad-Hoc|Mixed Platforms.Build.0 = Release|Any CPU
		{E2BBE1F7-B068-4959-B615-934DE6E16171}.Ad-Hoc|x64.ActiveCfg = Release|Any CPU
		{E2BBE1F7-B068-4959-B615-934DE6E16171}.Ad-Hoc|x86.ActiveCfg = Release|Any CPU
		{E2BBE1F7-B068-4959-B615-934DE6E16171}.AppStore|Any CPU.ActiveCfg = Release|Any CPU
		{E2BBE1F7-B068-4959-B615-934DE6E16171}.AppStore|Any CPU.Build.0 = Release|Any CPU
		{E2BBE1F7-B068-4959-B615-934DE6E16171}.AppStore|ARM.ActiveCfg = Release|Any CPU
		{E2BBE1F7-B068-4959-B615-934DE6E16171}.AppStore|iPhone.ActiveCfg = Release|Any CPU
		{E2BBE1F7-B068-4959-B615-934DE6E16171}.AppStore|iPhoneSimulator.ActiveCfg = Release|Any CPU
		{E2BBE1F7-B068-4959-B615-934DE6E16171}.AppStore|Mixed Platforms.ActiveCfg = Release|Any CPU
		{E2BBE1F7-B068-4959-B615-934DE6E16171}.AppStore|Mixed Platforms.Build.0 = Release|Any CPU
		{E2BBE1F7-B068-4959-B615-934DE6E16171}.AppStore|x64.ActiveCfg = Release|Any CPU
		{E2BBE1F7-B068-4959-B615-934DE6E16171}.AppStore|x86.ActiveCfg = Release|Any CPU
		{E2BBE1F7-B068-4959-B615-934DE6E16171}.Debug|Any CPU.ActiveCfg = Debug|Any CPU
		{E2BBE1F7-B068-4959-B615-934DE6E16171}.Debug|Any CPU.Build.0 = Debug|Any CPU
		{E2BBE1F7-B068-4959-B615-934DE6E16171}.Debug|ARM.ActiveCfg = Debug|Any CPU
		{E2BBE1F7-B068-4959-B615-934DE6E16171}.Debug|iPhone.ActiveCfg = Debug|Any CPU
		{E2BBE1F7-B068-4959-B615-934DE6E16171}.Debug|iPhoneSimulator.ActiveCfg = Debug|Any CPU
		{E2BBE1F7-B068-4959-B615-934DE6E16171}.Debug|Mixed Platforms.ActiveCfg = Debug|Any CPU
		{E2BBE1F7-B068-4959-B615-934DE6E16171}.Debug|Mixed Platforms.Build.0 = Debug|Any CPU
		{E2BBE1F7-B068-4959-B615-934DE6E16171}.Debug|x64.ActiveCfg = Debug|Any CPU
		{E2BBE1F7-B068-4959-B615-934DE6E16171}.Debug|x86.ActiveCfg = Debug|Any CPU
		{E2BBE1F7-B068-4959-B615-934DE6E16171}.Release|Any CPU.ActiveCfg = Release|Any CPU
		{E2BBE1F7-B068-4959-B615-934DE6E16171}.Release|Any CPU.Build.0 = Release|Any CPU
		{E2BBE1F7-B068-4959-B615-934DE6E16171}.Release|ARM.ActiveCfg = Release|Any CPU
		{E2BBE1F7-B068-4959-B615-934DE6E16171}.Release|iPhone.ActiveCfg = Release|Any CPU
		{E2BBE1F7-B068-4959-B615-934DE6E16171}.Release|iPhoneSimulator.ActiveCfg = Release|Any CPU
		{E2BBE1F7-B068-4959-B615-934DE6E16171}.Release|Mixed Platforms.ActiveCfg = Release|Any CPU
		{E2BBE1F7-B068-4959-B615-934DE6E16171}.Release|Mixed Platforms.Build.0 = Release|Any CPU
		{E2BBE1F7-B068-4959-B615-934DE6E16171}.Release|x64.ActiveCfg = Release|Any CPU
		{E2BBE1F7-B068-4959-B615-934DE6E16171}.Release|x86.ActiveCfg = Release|Any CPU
		{7616FB1B-E582-4B84-81C8-031E96969310}.Ad-Hoc|Any CPU.ActiveCfg = Release|Any CPU
		{7616FB1B-E582-4B84-81C8-031E96969310}.Ad-Hoc|Any CPU.Build.0 = Release|Any CPU
		{7616FB1B-E582-4B84-81C8-031E96969310}.Ad-Hoc|ARM.ActiveCfg = Release|Any CPU
		{7616FB1B-E582-4B84-81C8-031E96969310}.Ad-Hoc|iPhone.ActiveCfg = Release|Any CPU
		{7616FB1B-E582-4B84-81C8-031E96969310}.Ad-Hoc|iPhoneSimulator.ActiveCfg = Release|Any CPU
		{7616FB1B-E582-4B84-81C8-031E96969310}.Ad-Hoc|Mixed Platforms.ActiveCfg = Release|Any CPU
		{7616FB1B-E582-4B84-81C8-031E96969310}.Ad-Hoc|Mixed Platforms.Build.0 = Release|Any CPU
		{7616FB1B-E582-4B84-81C8-031E96969310}.Ad-Hoc|x64.ActiveCfg = Release|Any CPU
		{7616FB1B-E582-4B84-81C8-031E96969310}.Ad-Hoc|x86.ActiveCfg = Release|Any CPU
		{7616FB1B-E582-4B84-81C8-031E96969310}.AppStore|Any CPU.ActiveCfg = Release|Any CPU
		{7616FB1B-E582-4B84-81C8-031E96969310}.AppStore|Any CPU.Build.0 = Release|Any CPU
		{7616FB1B-E582-4B84-81C8-031E96969310}.AppStore|ARM.ActiveCfg = Release|Any CPU
		{7616FB1B-E582-4B84-81C8-031E96969310}.AppStore|iPhone.ActiveCfg = Release|Any CPU
		{7616FB1B-E582-4B84-81C8-031E96969310}.AppStore|iPhoneSimulator.ActiveCfg = Release|Any CPU
		{7616FB1B-E582-4B84-81C8-031E96969310}.AppStore|Mixed Platforms.ActiveCfg = Release|Any CPU
		{7616FB1B-E582-4B84-81C8-031E96969310}.AppStore|Mixed Platforms.Build.0 = Release|Any CPU
		{7616FB1B-E582-4B84-81C8-031E96969310}.AppStore|x64.ActiveCfg = Release|Any CPU
		{7616FB1B-E582-4B84-81C8-031E96969310}.AppStore|x86.ActiveCfg = Release|Any CPU
		{7616FB1B-E582-4B84-81C8-031E96969310}.Debug|Any CPU.ActiveCfg = Debug|Any CPU
		{7616FB1B-E582-4B84-81C8-031E96969310}.Debug|Any CPU.Build.0 = Debug|Any CPU
		{7616FB1B-E582-4B84-81C8-031E96969310}.Debug|ARM.ActiveCfg = Debug|Any CPU
		{7616FB1B-E582-4B84-81C8-031E96969310}.Debug|iPhone.ActiveCfg = Debug|Any CPU
		{7616FB1B-E582-4B84-81C8-031E96969310}.Debug|iPhoneSimulator.ActiveCfg = Debug|Any CPU
		{7616FB1B-E582-4B84-81C8-031E96969310}.Debug|Mixed Platforms.ActiveCfg = Debug|Any CPU
		{7616FB1B-E582-4B84-81C8-031E96969310}.Debug|Mixed Platforms.Build.0 = Debug|Any CPU
		{7616FB1B-E582-4B84-81C8-031E96969310}.Debug|x64.ActiveCfg = Debug|Any CPU
		{7616FB1B-E582-4B84-81C8-031E96969310}.Debug|x86.ActiveCfg = Debug|Any CPU
		{7616FB1B-E582-4B84-81C8-031E96969310}.Release|Any CPU.ActiveCfg = Release|Any CPU
		{7616FB1B-E582-4B84-81C8-031E96969310}.Release|Any CPU.Build.0 = Release|Any CPU
		{7616FB1B-E582-4B84-81C8-031E96969310}.Release|ARM.ActiveCfg = Release|Any CPU
		{7616FB1B-E582-4B84-81C8-031E96969310}.Release|iPhone.ActiveCfg = Release|Any CPU
		{7616FB1B-E582-4B84-81C8-031E96969310}.Release|iPhoneSimulator.ActiveCfg = Release|Any CPU
		{7616FB1B-E582-4B84-81C8-031E96969310}.Release|Mixed Platforms.ActiveCfg = Release|Any CPU
		{7616FB1B-E582-4B84-81C8-031E96969310}.Release|Mixed Platforms.Build.0 = Release|Any CPU
		{7616FB1B-E582-4B84-81C8-031E96969310}.Release|x64.ActiveCfg = Release|Any CPU
		{7616FB1B-E582-4B84-81C8-031E96969310}.Release|x86.ActiveCfg = Release|Any CPU
		{E4B6E647-0B8F-4D16-94E6-D3C947FCB93E}.Ad-Hoc|Any CPU.ActiveCfg = Release|Any CPU
		{E4B6E647-0B8F-4D16-94E6-D3C947FCB93E}.Ad-Hoc|Any CPU.Build.0 = Release|Any CPU
		{E4B6E647-0B8F-4D16-94E6-D3C947FCB93E}.Ad-Hoc|ARM.ActiveCfg = Release|Any CPU
		{E4B6E647-0B8F-4D16-94E6-D3C947FCB93E}.Ad-Hoc|iPhone.ActiveCfg = Release|Any CPU
		{E4B6E647-0B8F-4D16-94E6-D3C947FCB93E}.Ad-Hoc|iPhoneSimulator.ActiveCfg = Release|Any CPU
		{E4B6E647-0B8F-4D16-94E6-D3C947FCB93E}.Ad-Hoc|Mixed Platforms.ActiveCfg = Release|Any CPU
		{E4B6E647-0B8F-4D16-94E6-D3C947FCB93E}.Ad-Hoc|Mixed Platforms.Build.0 = Release|Any CPU
		{E4B6E647-0B8F-4D16-94E6-D3C947FCB93E}.Ad-Hoc|x64.ActiveCfg = Release|Any CPU
		{E4B6E647-0B8F-4D16-94E6-D3C947FCB93E}.Ad-Hoc|x86.ActiveCfg = Release|Any CPU
		{E4B6E647-0B8F-4D16-94E6-D3C947FCB93E}.AppStore|Any CPU.ActiveCfg = Release|Any CPU
		{E4B6E647-0B8F-4D16-94E6-D3C947FCB93E}.AppStore|Any CPU.Build.0 = Release|Any CPU
		{E4B6E647-0B8F-4D16-94E6-D3C947FCB93E}.AppStore|ARM.ActiveCfg = Release|Any CPU
		{E4B6E647-0B8F-4D16-94E6-D3C947FCB93E}.AppStore|iPhone.ActiveCfg = Release|Any CPU
		{E4B6E647-0B8F-4D16-94E6-D3C947FCB93E}.AppStore|iPhoneSimulator.ActiveCfg = Release|Any CPU
		{E4B6E647-0B8F-4D16-94E6-D3C947FCB93E}.AppStore|Mixed Platforms.ActiveCfg = Release|Any CPU
		{E4B6E647-0B8F-4D16-94E6-D3C947FCB93E}.AppStore|Mixed Platforms.Build.0 = Release|Any CPU
		{E4B6E647-0B8F-4D16-94E6-D3C947FCB93E}.AppStore|x64.ActiveCfg = Release|Any CPU
		{E4B6E647-0B8F-4D16-94E6-D3C947FCB93E}.AppStore|x86.ActiveCfg = Release|Any CPU
		{E4B6E647-0B8F-4D16-94E6-D3C947FCB93E}.Debug|Any CPU.ActiveCfg = Debug|Any CPU
		{E4B6E647-0B8F-4D16-94E6-D3C947FCB93E}.Debug|Any CPU.Build.0 = Debug|Any CPU
		{E4B6E647-0B8F-4D16-94E6-D3C947FCB93E}.Debug|ARM.ActiveCfg = Debug|Any CPU
		{E4B6E647-0B8F-4D16-94E6-D3C947FCB93E}.Debug|iPhone.ActiveCfg = Debug|Any CPU
		{E4B6E647-0B8F-4D16-94E6-D3C947FCB93E}.Debug|iPhoneSimulator.ActiveCfg = Debug|Any CPU
		{E4B6E647-0B8F-4D16-94E6-D3C947FCB93E}.Debug|Mixed Platforms.ActiveCfg = Debug|Any CPU
		{E4B6E647-0B8F-4D16-94E6-D3C947FCB93E}.Debug|Mixed Platforms.Build.0 = Debug|Any CPU
		{E4B6E647-0B8F-4D16-94E6-D3C947FCB93E}.Debug|x64.ActiveCfg = Debug|Any CPU
		{E4B6E647-0B8F-4D16-94E6-D3C947FCB93E}.Debug|x86.ActiveCfg = Debug|Any CPU
		{E4B6E647-0B8F-4D16-94E6-D3C947FCB93E}.Release|Any CPU.ActiveCfg = Release|Any CPU
		{E4B6E647-0B8F-4D16-94E6-D3C947FCB93E}.Release|Any CPU.Build.0 = Release|Any CPU
		{E4B6E647-0B8F-4D16-94E6-D3C947FCB93E}.Release|ARM.ActiveCfg = Release|Any CPU
		{E4B6E647-0B8F-4D16-94E6-D3C947FCB93E}.Release|iPhone.ActiveCfg = Release|Any CPU
		{E4B6E647-0B8F-4D16-94E6-D3C947FCB93E}.Release|iPhoneSimulator.ActiveCfg = Release|Any CPU
		{E4B6E647-0B8F-4D16-94E6-D3C947FCB93E}.Release|Mixed Platforms.ActiveCfg = Release|Any CPU
		{E4B6E647-0B8F-4D16-94E6-D3C947FCB93E}.Release|Mixed Platforms.Build.0 = Release|Any CPU
		{E4B6E647-0B8F-4D16-94E6-D3C947FCB93E}.Release|x64.ActiveCfg = Release|Any CPU
		{E4B6E647-0B8F-4D16-94E6-D3C947FCB93E}.Release|x86.ActiveCfg = Release|Any CPU
		{1C46FB45-C23D-4154-9AA4-6D5653111EB6}.Ad-Hoc|Any CPU.ActiveCfg = Release|Any CPU
		{1C46FB45-C23D-4154-9AA4-6D5653111EB6}.Ad-Hoc|Any CPU.Build.0 = Release|Any CPU
		{1C46FB45-C23D-4154-9AA4-6D5653111EB6}.Ad-Hoc|ARM.ActiveCfg = Release|Any CPU
		{1C46FB45-C23D-4154-9AA4-6D5653111EB6}.Ad-Hoc|iPhone.ActiveCfg = Release|Any CPU
		{1C46FB45-C23D-4154-9AA4-6D5653111EB6}.Ad-Hoc|iPhoneSimulator.ActiveCfg = Release|Any CPU
		{1C46FB45-C23D-4154-9AA4-6D5653111EB6}.Ad-Hoc|Mixed Platforms.ActiveCfg = Release|Any CPU
		{1C46FB45-C23D-4154-9AA4-6D5653111EB6}.Ad-Hoc|Mixed Platforms.Build.0 = Release|Any CPU
		{1C46FB45-C23D-4154-9AA4-6D5653111EB6}.Ad-Hoc|x64.ActiveCfg = Release|Any CPU
		{1C46FB45-C23D-4154-9AA4-6D5653111EB6}.Ad-Hoc|x86.ActiveCfg = Release|Any CPU
		{1C46FB45-C23D-4154-9AA4-6D5653111EB6}.AppStore|Any CPU.ActiveCfg = Release|Any CPU
		{1C46FB45-C23D-4154-9AA4-6D5653111EB6}.AppStore|Any CPU.Build.0 = Release|Any CPU
		{1C46FB45-C23D-4154-9AA4-6D5653111EB6}.AppStore|ARM.ActiveCfg = Release|Any CPU
		{1C46FB45-C23D-4154-9AA4-6D5653111EB6}.AppStore|iPhone.ActiveCfg = Release|Any CPU
		{1C46FB45-C23D-4154-9AA4-6D5653111EB6}.AppStore|iPhoneSimulator.ActiveCfg = Release|Any CPU
		{1C46FB45-C23D-4154-9AA4-6D5653111EB6}.AppStore|Mixed Platforms.ActiveCfg = Release|Any CPU
		{1C46FB45-C23D-4154-9AA4-6D5653111EB6}.AppStore|Mixed Platforms.Build.0 = Release|Any CPU
		{1C46FB45-C23D-4154-9AA4-6D5653111EB6}.AppStore|x64.ActiveCfg = Release|Any CPU
		{1C46FB45-C23D-4154-9AA4-6D5653111EB6}.AppStore|x86.ActiveCfg = Release|Any CPU
		{1C46FB45-C23D-4154-9AA4-6D5653111EB6}.Debug|Any CPU.ActiveCfg = Debug|Any CPU
		{1C46FB45-C23D-4154-9AA4-6D5653111EB6}.Debug|Any CPU.Build.0 = Debug|Any CPU
		{1C46FB45-C23D-4154-9AA4-6D5653111EB6}.Debug|ARM.ActiveCfg = Debug|Any CPU
		{1C46FB45-C23D-4154-9AA4-6D5653111EB6}.Debug|iPhone.ActiveCfg = Debug|Any CPU
		{1C46FB45-C23D-4154-9AA4-6D5653111EB6}.Debug|iPhoneSimulator.ActiveCfg = Debug|Any CPU
		{1C46FB45-C23D-4154-9AA4-6D5653111EB6}.Debug|iPhoneSimulator.Build.0 = Debug|Any CPU
		{1C46FB45-C23D-4154-9AA4-6D5653111EB6}.Debug|iPhoneSimulator.Deploy.0 = Debug|Any CPU
		{1C46FB45-C23D-4154-9AA4-6D5653111EB6}.Debug|Mixed Platforms.ActiveCfg = Debug|Any CPU
		{1C46FB45-C23D-4154-9AA4-6D5653111EB6}.Debug|Mixed Platforms.Build.0 = Debug|Any CPU
		{1C46FB45-C23D-4154-9AA4-6D5653111EB6}.Debug|x64.ActiveCfg = Debug|Any CPU
		{1C46FB45-C23D-4154-9AA4-6D5653111EB6}.Debug|x86.ActiveCfg = Debug|Any CPU
		{1C46FB45-C23D-4154-9AA4-6D5653111EB6}.Release|Any CPU.ActiveCfg = Release|Any CPU
		{1C46FB45-C23D-4154-9AA4-6D5653111EB6}.Release|Any CPU.Build.0 = Release|Any CPU
		{1C46FB45-C23D-4154-9AA4-6D5653111EB6}.Release|ARM.ActiveCfg = Release|Any CPU
		{1C46FB45-C23D-4154-9AA4-6D5653111EB6}.Release|iPhone.ActiveCfg = Release|Any CPU
		{1C46FB45-C23D-4154-9AA4-6D5653111EB6}.Release|iPhoneSimulator.ActiveCfg = Release|Any CPU
		{1C46FB45-C23D-4154-9AA4-6D5653111EB6}.Release|Mixed Platforms.ActiveCfg = Release|Any CPU
		{1C46FB45-C23D-4154-9AA4-6D5653111EB6}.Release|Mixed Platforms.Build.0 = Release|Any CPU
		{1C46FB45-C23D-4154-9AA4-6D5653111EB6}.Release|x64.ActiveCfg = Release|Any CPU
		{1C46FB45-C23D-4154-9AA4-6D5653111EB6}.Release|x86.ActiveCfg = Release|Any CPU
		{98C1895A-1120-4E2F-89F0-526A5B997477}.Ad-Hoc|Any CPU.ActiveCfg = Release|Any CPU
		{98C1895A-1120-4E2F-89F0-526A5B997477}.Ad-Hoc|Any CPU.Build.0 = Release|Any CPU
		{98C1895A-1120-4E2F-89F0-526A5B997477}.Ad-Hoc|Any CPU.Deploy.0 = Release|Any CPU
		{98C1895A-1120-4E2F-89F0-526A5B997477}.Ad-Hoc|ARM.ActiveCfg = Release|ARM
		{98C1895A-1120-4E2F-89F0-526A5B997477}.Ad-Hoc|ARM.Build.0 = Release|ARM
		{98C1895A-1120-4E2F-89F0-526A5B997477}.Ad-Hoc|ARM.Deploy.0 = Release|ARM
		{98C1895A-1120-4E2F-89F0-526A5B997477}.Ad-Hoc|iPhone.ActiveCfg = Release|Any CPU
		{98C1895A-1120-4E2F-89F0-526A5B997477}.Ad-Hoc|iPhoneSimulator.ActiveCfg = Release|Any CPU
		{98C1895A-1120-4E2F-89F0-526A5B997477}.Ad-Hoc|Mixed Platforms.ActiveCfg = Release|x86
		{98C1895A-1120-4E2F-89F0-526A5B997477}.Ad-Hoc|Mixed Platforms.Build.0 = Release|x86
		{98C1895A-1120-4E2F-89F0-526A5B997477}.Ad-Hoc|Mixed Platforms.Deploy.0 = Release|x86
		{98C1895A-1120-4E2F-89F0-526A5B997477}.Ad-Hoc|x64.ActiveCfg = Release|Any CPU
		{98C1895A-1120-4E2F-89F0-526A5B997477}.Ad-Hoc|x86.ActiveCfg = Release|x86
		{98C1895A-1120-4E2F-89F0-526A5B997477}.Ad-Hoc|x86.Build.0 = Release|x86
		{98C1895A-1120-4E2F-89F0-526A5B997477}.Ad-Hoc|x86.Deploy.0 = Release|x86
		{98C1895A-1120-4E2F-89F0-526A5B997477}.AppStore|Any CPU.ActiveCfg = Release|Any CPU
		{98C1895A-1120-4E2F-89F0-526A5B997477}.AppStore|Any CPU.Build.0 = Release|Any CPU
		{98C1895A-1120-4E2F-89F0-526A5B997477}.AppStore|Any CPU.Deploy.0 = Release|Any CPU
		{98C1895A-1120-4E2F-89F0-526A5B997477}.AppStore|ARM.ActiveCfg = Release|ARM
		{98C1895A-1120-4E2F-89F0-526A5B997477}.AppStore|ARM.Build.0 = Release|ARM
		{98C1895A-1120-4E2F-89F0-526A5B997477}.AppStore|ARM.Deploy.0 = Release|ARM
		{98C1895A-1120-4E2F-89F0-526A5B997477}.AppStore|iPhone.ActiveCfg = Release|Any CPU
		{98C1895A-1120-4E2F-89F0-526A5B997477}.AppStore|iPhoneSimulator.ActiveCfg = Release|Any CPU
		{98C1895A-1120-4E2F-89F0-526A5B997477}.AppStore|Mixed Platforms.ActiveCfg = Release|x86
		{98C1895A-1120-4E2F-89F0-526A5B997477}.AppStore|Mixed Platforms.Build.0 = Release|x86
		{98C1895A-1120-4E2F-89F0-526A5B997477}.AppStore|Mixed Platforms.Deploy.0 = Release|x86
		{98C1895A-1120-4E2F-89F0-526A5B997477}.AppStore|x64.ActiveCfg = Release|Any CPU
		{98C1895A-1120-4E2F-89F0-526A5B997477}.AppStore|x86.ActiveCfg = Release|x86
		{98C1895A-1120-4E2F-89F0-526A5B997477}.AppStore|x86.Build.0 = Release|x86
		{98C1895A-1120-4E2F-89F0-526A5B997477}.AppStore|x86.Deploy.0 = Release|x86
		{98C1895A-1120-4E2F-89F0-526A5B997477}.Debug|Any CPU.ActiveCfg = Debug|Any CPU
		{98C1895A-1120-4E2F-89F0-526A5B997477}.Debug|Any CPU.Build.0 = Debug|Any CPU
		{98C1895A-1120-4E2F-89F0-526A5B997477}.Debug|Any CPU.Deploy.0 = Debug|Any CPU
		{98C1895A-1120-4E2F-89F0-526A5B997477}.Debug|ARM.ActiveCfg = Debug|ARM
		{98C1895A-1120-4E2F-89F0-526A5B997477}.Debug|ARM.Build.0 = Debug|ARM
		{98C1895A-1120-4E2F-89F0-526A5B997477}.Debug|ARM.Deploy.0 = Debug|ARM
		{98C1895A-1120-4E2F-89F0-526A5B997477}.Debug|iPhone.ActiveCfg = Debug|Any CPU
		{98C1895A-1120-4E2F-89F0-526A5B997477}.Debug|iPhoneSimulator.ActiveCfg = Debug|Any CPU
		{98C1895A-1120-4E2F-89F0-526A5B997477}.Debug|iPhoneSimulator.Build.0 = Debug|Any CPU
		{98C1895A-1120-4E2F-89F0-526A5B997477}.Debug|iPhoneSimulator.Deploy.0 = Debug|Any CPU
		{98C1895A-1120-4E2F-89F0-526A5B997477}.Debug|Mixed Platforms.ActiveCfg = Debug|x86
		{98C1895A-1120-4E2F-89F0-526A5B997477}.Debug|Mixed Platforms.Build.0 = Debug|x86
		{98C1895A-1120-4E2F-89F0-526A5B997477}.Debug|Mixed Platforms.Deploy.0 = Debug|x86
		{98C1895A-1120-4E2F-89F0-526A5B997477}.Debug|x64.ActiveCfg = Debug|Any CPU
		{98C1895A-1120-4E2F-89F0-526A5B997477}.Debug|x86.ActiveCfg = Debug|x86
		{98C1895A-1120-4E2F-89F0-526A5B997477}.Debug|x86.Build.0 = Debug|x86
		{98C1895A-1120-4E2F-89F0-526A5B997477}.Debug|x86.Deploy.0 = Debug|x86
		{98C1895A-1120-4E2F-89F0-526A5B997477}.Release|Any CPU.ActiveCfg = Release|Any CPU
		{98C1895A-1120-4E2F-89F0-526A5B997477}.Release|Any CPU.Build.0 = Release|Any CPU
		{98C1895A-1120-4E2F-89F0-526A5B997477}.Release|Any CPU.Deploy.0 = Release|Any CPU
		{98C1895A-1120-4E2F-89F0-526A5B997477}.Release|ARM.ActiveCfg = Release|ARM
		{98C1895A-1120-4E2F-89F0-526A5B997477}.Release|ARM.Build.0 = Release|ARM
		{98C1895A-1120-4E2F-89F0-526A5B997477}.Release|ARM.Deploy.0 = Release|ARM
		{98C1895A-1120-4E2F-89F0-526A5B997477}.Release|iPhone.ActiveCfg = Release|Any CPU
		{98C1895A-1120-4E2F-89F0-526A5B997477}.Release|iPhoneSimulator.ActiveCfg = Release|Any CPU
		{98C1895A-1120-4E2F-89F0-526A5B997477}.Release|Mixed Platforms.ActiveCfg = Release|x86
		{98C1895A-1120-4E2F-89F0-526A5B997477}.Release|Mixed Platforms.Build.0 = Release|x86
		{98C1895A-1120-4E2F-89F0-526A5B997477}.Release|Mixed Platforms.Deploy.0 = Release|x86
		{98C1895A-1120-4E2F-89F0-526A5B997477}.Release|x64.ActiveCfg = Release|Any CPU
		{98C1895A-1120-4E2F-89F0-526A5B997477}.Release|x86.ActiveCfg = Release|x86
		{98C1895A-1120-4E2F-89F0-526A5B997477}.Release|x86.Build.0 = Release|x86
		{98C1895A-1120-4E2F-89F0-526A5B997477}.Release|x86.Deploy.0 = Release|x86
		{B1CECB4E-1EB8-4354-9E7C-474C1C2BBF04}.Ad-Hoc|Any CPU.ActiveCfg = Release|Any CPU
		{B1CECB4E-1EB8-4354-9E7C-474C1C2BBF04}.Ad-Hoc|Any CPU.Build.0 = Release|Any CPU
		{B1CECB4E-1EB8-4354-9E7C-474C1C2BBF04}.Ad-Hoc|Any CPU.Deploy.0 = Release|Any CPU
		{B1CECB4E-1EB8-4354-9E7C-474C1C2BBF04}.Ad-Hoc|ARM.ActiveCfg = Release|Any CPU
		{B1CECB4E-1EB8-4354-9E7C-474C1C2BBF04}.Ad-Hoc|iPhone.ActiveCfg = Release|Any CPU
		{B1CECB4E-1EB8-4354-9E7C-474C1C2BBF04}.Ad-Hoc|iPhoneSimulator.ActiveCfg = Release|Any CPU
		{B1CECB4E-1EB8-4354-9E7C-474C1C2BBF04}.Ad-Hoc|Mixed Platforms.ActiveCfg = Release|Any CPU
		{B1CECB4E-1EB8-4354-9E7C-474C1C2BBF04}.Ad-Hoc|Mixed Platforms.Build.0 = Release|Any CPU
		{B1CECB4E-1EB8-4354-9E7C-474C1C2BBF04}.Ad-Hoc|Mixed Platforms.Deploy.0 = Release|Any CPU
		{B1CECB4E-1EB8-4354-9E7C-474C1C2BBF04}.Ad-Hoc|x64.ActiveCfg = Release|Any CPU
		{B1CECB4E-1EB8-4354-9E7C-474C1C2BBF04}.Ad-Hoc|x86.ActiveCfg = Release|Any CPU
		{B1CECB4E-1EB8-4354-9E7C-474C1C2BBF04}.AppStore|Any CPU.ActiveCfg = Release|Any CPU
		{B1CECB4E-1EB8-4354-9E7C-474C1C2BBF04}.AppStore|Any CPU.Build.0 = Release|Any CPU
		{B1CECB4E-1EB8-4354-9E7C-474C1C2BBF04}.AppStore|Any CPU.Deploy.0 = Release|Any CPU
		{B1CECB4E-1EB8-4354-9E7C-474C1C2BBF04}.AppStore|ARM.ActiveCfg = Release|Any CPU
		{B1CECB4E-1EB8-4354-9E7C-474C1C2BBF04}.AppStore|iPhone.ActiveCfg = Release|Any CPU
		{B1CECB4E-1EB8-4354-9E7C-474C1C2BBF04}.AppStore|iPhoneSimulator.ActiveCfg = Release|Any CPU
		{B1CECB4E-1EB8-4354-9E7C-474C1C2BBF04}.AppStore|Mixed Platforms.ActiveCfg = Release|Any CPU
		{B1CECB4E-1EB8-4354-9E7C-474C1C2BBF04}.AppStore|Mixed Platforms.Build.0 = Release|Any CPU
		{B1CECB4E-1EB8-4354-9E7C-474C1C2BBF04}.AppStore|Mixed Platforms.Deploy.0 = Release|Any CPU
		{B1CECB4E-1EB8-4354-9E7C-474C1C2BBF04}.AppStore|x64.ActiveCfg = Release|Any CPU
		{B1CECB4E-1EB8-4354-9E7C-474C1C2BBF04}.AppStore|x86.ActiveCfg = Release|Any CPU
		{B1CECB4E-1EB8-4354-9E7C-474C1C2BBF04}.Debug|Any CPU.ActiveCfg = Debug|Any CPU
		{B1CECB4E-1EB8-4354-9E7C-474C1C2BBF04}.Debug|Any CPU.Build.0 = Debug|Any CPU
		{B1CECB4E-1EB8-4354-9E7C-474C1C2BBF04}.Debug|Any CPU.Deploy.0 = Debug|Any CPU
		{B1CECB4E-1EB8-4354-9E7C-474C1C2BBF04}.Debug|ARM.ActiveCfg = Debug|Any CPU
		{B1CECB4E-1EB8-4354-9E7C-474C1C2BBF04}.Debug|iPhone.ActiveCfg = Debug|Any CPU
		{B1CECB4E-1EB8-4354-9E7C-474C1C2BBF04}.Debug|iPhoneSimulator.ActiveCfg = Debug|Any CPU
		{B1CECB4E-1EB8-4354-9E7C-474C1C2BBF04}.Debug|iPhoneSimulator.Build.0 = Debug|Any CPU
		{B1CECB4E-1EB8-4354-9E7C-474C1C2BBF04}.Debug|iPhoneSimulator.Deploy.0 = Debug|Any CPU
		{B1CECB4E-1EB8-4354-9E7C-474C1C2BBF04}.Debug|Mixed Platforms.ActiveCfg = Debug|Any CPU
		{B1CECB4E-1EB8-4354-9E7C-474C1C2BBF04}.Debug|Mixed Platforms.Build.0 = Debug|Any CPU
		{B1CECB4E-1EB8-4354-9E7C-474C1C2BBF04}.Debug|Mixed Platforms.Deploy.0 = Debug|Any CPU
		{B1CECB4E-1EB8-4354-9E7C-474C1C2BBF04}.Debug|x64.ActiveCfg = Debug|Any CPU
		{B1CECB4E-1EB8-4354-9E7C-474C1C2BBF04}.Debug|x86.ActiveCfg = Debug|Any CPU
		{B1CECB4E-1EB8-4354-9E7C-474C1C2BBF04}.Release|Any CPU.ActiveCfg = Release|Any CPU
		{B1CECB4E-1EB8-4354-9E7C-474C1C2BBF04}.Release|Any CPU.Build.0 = Release|Any CPU
		{B1CECB4E-1EB8-4354-9E7C-474C1C2BBF04}.Release|Any CPU.Deploy.0 = Release|Any CPU
		{B1CECB4E-1EB8-4354-9E7C-474C1C2BBF04}.Release|ARM.ActiveCfg = Release|Any CPU
		{B1CECB4E-1EB8-4354-9E7C-474C1C2BBF04}.Release|iPhone.ActiveCfg = Release|Any CPU
		{B1CECB4E-1EB8-4354-9E7C-474C1C2BBF04}.Release|iPhoneSimulator.ActiveCfg = Release|Any CPU
		{B1CECB4E-1EB8-4354-9E7C-474C1C2BBF04}.Release|Mixed Platforms.ActiveCfg = Release|Any CPU
		{B1CECB4E-1EB8-4354-9E7C-474C1C2BBF04}.Release|Mixed Platforms.Build.0 = Release|Any CPU
		{B1CECB4E-1EB8-4354-9E7C-474C1C2BBF04}.Release|Mixed Platforms.Deploy.0 = Release|Any CPU
		{B1CECB4E-1EB8-4354-9E7C-474C1C2BBF04}.Release|x64.ActiveCfg = Release|Any CPU
		{B1CECB4E-1EB8-4354-9E7C-474C1C2BBF04}.Release|x86.ActiveCfg = Release|Any CPU
		{2CF6D026-4219-461D-B60A-870536F827E4}.Ad-Hoc|Any CPU.ActiveCfg = Release|Any CPU
		{2CF6D026-4219-461D-B60A-870536F827E4}.Ad-Hoc|Any CPU.Build.0 = Release|Any CPU
		{2CF6D026-4219-461D-B60A-870536F827E4}.Ad-Hoc|Any CPU.Deploy.0 = Release|Any CPU
		{2CF6D026-4219-461D-B60A-870536F827E4}.Ad-Hoc|ARM.ActiveCfg = Release|ARM
		{2CF6D026-4219-461D-B60A-870536F827E4}.Ad-Hoc|ARM.Build.0 = Release|ARM
		{2CF6D026-4219-461D-B60A-870536F827E4}.Ad-Hoc|ARM.Deploy.0 = Release|ARM
		{2CF6D026-4219-461D-B60A-870536F827E4}.Ad-Hoc|iPhone.ActiveCfg = Release|Any CPU
		{2CF6D026-4219-461D-B60A-870536F827E4}.Ad-Hoc|iPhoneSimulator.ActiveCfg = Release|Any CPU
		{2CF6D026-4219-461D-B60A-870536F827E4}.Ad-Hoc|Mixed Platforms.ActiveCfg = Release|x86
		{2CF6D026-4219-461D-B60A-870536F827E4}.Ad-Hoc|Mixed Platforms.Build.0 = Release|x86
		{2CF6D026-4219-461D-B60A-870536F827E4}.Ad-Hoc|Mixed Platforms.Deploy.0 = Release|x86
		{2CF6D026-4219-461D-B60A-870536F827E4}.Ad-Hoc|x64.ActiveCfg = Release|x64
		{2CF6D026-4219-461D-B60A-870536F827E4}.Ad-Hoc|x64.Build.0 = Release|x64
		{2CF6D026-4219-461D-B60A-870536F827E4}.Ad-Hoc|x64.Deploy.0 = Release|x64
		{2CF6D026-4219-461D-B60A-870536F827E4}.Ad-Hoc|x86.ActiveCfg = Release|x86
		{2CF6D026-4219-461D-B60A-870536F827E4}.Ad-Hoc|x86.Build.0 = Release|x86
		{2CF6D026-4219-461D-B60A-870536F827E4}.Ad-Hoc|x86.Deploy.0 = Release|x86
		{2CF6D026-4219-461D-B60A-870536F827E4}.AppStore|Any CPU.ActiveCfg = Release|Any CPU
		{2CF6D026-4219-461D-B60A-870536F827E4}.AppStore|Any CPU.Build.0 = Release|Any CPU
		{2CF6D026-4219-461D-B60A-870536F827E4}.AppStore|Any CPU.Deploy.0 = Release|Any CPU
		{2CF6D026-4219-461D-B60A-870536F827E4}.AppStore|ARM.ActiveCfg = Release|ARM
		{2CF6D026-4219-461D-B60A-870536F827E4}.AppStore|ARM.Build.0 = Release|ARM
		{2CF6D026-4219-461D-B60A-870536F827E4}.AppStore|ARM.Deploy.0 = Release|ARM
		{2CF6D026-4219-461D-B60A-870536F827E4}.AppStore|iPhone.ActiveCfg = Release|Any CPU
		{2CF6D026-4219-461D-B60A-870536F827E4}.AppStore|iPhoneSimulator.ActiveCfg = Release|Any CPU
		{2CF6D026-4219-461D-B60A-870536F827E4}.AppStore|Mixed Platforms.ActiveCfg = Release|x86
		{2CF6D026-4219-461D-B60A-870536F827E4}.AppStore|Mixed Platforms.Build.0 = Release|x86
		{2CF6D026-4219-461D-B60A-870536F827E4}.AppStore|Mixed Platforms.Deploy.0 = Release|x86
		{2CF6D026-4219-461D-B60A-870536F827E4}.AppStore|x64.ActiveCfg = Release|x64
		{2CF6D026-4219-461D-B60A-870536F827E4}.AppStore|x64.Build.0 = Release|x64
		{2CF6D026-4219-461D-B60A-870536F827E4}.AppStore|x64.Deploy.0 = Release|x64
		{2CF6D026-4219-461D-B60A-870536F827E4}.AppStore|x86.ActiveCfg = Release|x86
		{2CF6D026-4219-461D-B60A-870536F827E4}.AppStore|x86.Build.0 = Release|x86
		{2CF6D026-4219-461D-B60A-870536F827E4}.AppStore|x86.Deploy.0 = Release|x86
		{2CF6D026-4219-461D-B60A-870536F827E4}.Debug|Any CPU.ActiveCfg = Debug|Any CPU
		{2CF6D026-4219-461D-B60A-870536F827E4}.Debug|Any CPU.Build.0 = Debug|Any CPU
		{2CF6D026-4219-461D-B60A-870536F827E4}.Debug|Any CPU.Deploy.0 = Debug|Any CPU
		{2CF6D026-4219-461D-B60A-870536F827E4}.Debug|ARM.ActiveCfg = Debug|ARM
		{2CF6D026-4219-461D-B60A-870536F827E4}.Debug|ARM.Build.0 = Debug|ARM
		{2CF6D026-4219-461D-B60A-870536F827E4}.Debug|ARM.Deploy.0 = Debug|ARM
		{2CF6D026-4219-461D-B60A-870536F827E4}.Debug|iPhone.ActiveCfg = Debug|Any CPU
		{2CF6D026-4219-461D-B60A-870536F827E4}.Debug|iPhoneSimulator.ActiveCfg = Debug|Any CPU
		{2CF6D026-4219-461D-B60A-870536F827E4}.Debug|iPhoneSimulator.Build.0 = Debug|Any CPU
		{2CF6D026-4219-461D-B60A-870536F827E4}.Debug|iPhoneSimulator.Deploy.0 = Debug|Any CPU
		{2CF6D026-4219-461D-B60A-870536F827E4}.Debug|Mixed Platforms.ActiveCfg = Debug|x86
		{2CF6D026-4219-461D-B60A-870536F827E4}.Debug|Mixed Platforms.Build.0 = Debug|x86
		{2CF6D026-4219-461D-B60A-870536F827E4}.Debug|Mixed Platforms.Deploy.0 = Debug|x86
		{2CF6D026-4219-461D-B60A-870536F827E4}.Debug|x64.ActiveCfg = Debug|x64
		{2CF6D026-4219-461D-B60A-870536F827E4}.Debug|x64.Build.0 = Debug|x64
		{2CF6D026-4219-461D-B60A-870536F827E4}.Debug|x64.Deploy.0 = Debug|x64
		{2CF6D026-4219-461D-B60A-870536F827E4}.Debug|x86.ActiveCfg = Debug|x86
		{2CF6D026-4219-461D-B60A-870536F827E4}.Debug|x86.Build.0 = Debug|x86
		{2CF6D026-4219-461D-B60A-870536F827E4}.Debug|x86.Deploy.0 = Debug|x86
		{2CF6D026-4219-461D-B60A-870536F827E4}.Release|Any CPU.ActiveCfg = Release|Any CPU
		{2CF6D026-4219-461D-B60A-870536F827E4}.Release|Any CPU.Build.0 = Release|Any CPU
		{2CF6D026-4219-461D-B60A-870536F827E4}.Release|Any CPU.Deploy.0 = Release|Any CPU
		{2CF6D026-4219-461D-B60A-870536F827E4}.Release|ARM.ActiveCfg = Release|ARM
		{2CF6D026-4219-461D-B60A-870536F827E4}.Release|ARM.Build.0 = Release|ARM
		{2CF6D026-4219-461D-B60A-870536F827E4}.Release|ARM.Deploy.0 = Release|ARM
		{2CF6D026-4219-461D-B60A-870536F827E4}.Release|iPhone.ActiveCfg = Release|Any CPU
		{2CF6D026-4219-461D-B60A-870536F827E4}.Release|iPhoneSimulator.ActiveCfg = Release|Any CPU
		{2CF6D026-4219-461D-B60A-870536F827E4}.Release|Mixed Platforms.ActiveCfg = Release|x86
		{2CF6D026-4219-461D-B60A-870536F827E4}.Release|Mixed Platforms.Build.0 = Release|x86
		{2CF6D026-4219-461D-B60A-870536F827E4}.Release|Mixed Platforms.Deploy.0 = Release|x86
		{2CF6D026-4219-461D-B60A-870536F827E4}.Release|x64.ActiveCfg = Release|x64
		{2CF6D026-4219-461D-B60A-870536F827E4}.Release|x64.Build.0 = Release|x64
		{2CF6D026-4219-461D-B60A-870536F827E4}.Release|x64.Deploy.0 = Release|x64
		{2CF6D026-4219-461D-B60A-870536F827E4}.Release|x86.ActiveCfg = Release|x86
		{2CF6D026-4219-461D-B60A-870536F827E4}.Release|x86.Build.0 = Release|x86
		{2CF6D026-4219-461D-B60A-870536F827E4}.Release|x86.Deploy.0 = Release|x86
		{556653CC-812A-446B-8877-5DAEA9D717EF}.Ad-Hoc|Any CPU.ActiveCfg = Ad-Hoc|iPhone
		{556653CC-812A-446B-8877-5DAEA9D717EF}.Ad-Hoc|ARM.ActiveCfg = Ad-Hoc|iPhone
		{556653CC-812A-446B-8877-5DAEA9D717EF}.Ad-Hoc|iPhone.ActiveCfg = Ad-Hoc|iPhone
		{556653CC-812A-446B-8877-5DAEA9D717EF}.Ad-Hoc|iPhone.Build.0 = Ad-Hoc|iPhone
		{556653CC-812A-446B-8877-5DAEA9D717EF}.Ad-Hoc|iPhoneSimulator.ActiveCfg = Ad-Hoc|iPhoneSimulator
		{556653CC-812A-446B-8877-5DAEA9D717EF}.Ad-Hoc|iPhoneSimulator.Build.0 = Ad-Hoc|iPhoneSimulator
		{556653CC-812A-446B-8877-5DAEA9D717EF}.Ad-Hoc|Mixed Platforms.ActiveCfg = Ad-Hoc|iPhone
		{556653CC-812A-446B-8877-5DAEA9D717EF}.Ad-Hoc|Mixed Platforms.Build.0 = Ad-Hoc|iPhone
		{556653CC-812A-446B-8877-5DAEA9D717EF}.Ad-Hoc|x64.ActiveCfg = Ad-Hoc|iPhone
		{556653CC-812A-446B-8877-5DAEA9D717EF}.Ad-Hoc|x86.ActiveCfg = Ad-Hoc|iPhone
		{556653CC-812A-446B-8877-5DAEA9D717EF}.AppStore|Any CPU.ActiveCfg = AppStore|iPhone
		{556653CC-812A-446B-8877-5DAEA9D717EF}.AppStore|ARM.ActiveCfg = AppStore|iPhone
		{556653CC-812A-446B-8877-5DAEA9D717EF}.AppStore|iPhone.ActiveCfg = AppStore|iPhone
		{556653CC-812A-446B-8877-5DAEA9D717EF}.AppStore|iPhone.Build.0 = AppStore|iPhone
		{556653CC-812A-446B-8877-5DAEA9D717EF}.AppStore|iPhoneSimulator.ActiveCfg = AppStore|iPhoneSimulator
		{556653CC-812A-446B-8877-5DAEA9D717EF}.AppStore|iPhoneSimulator.Build.0 = AppStore|iPhoneSimulator
		{556653CC-812A-446B-8877-5DAEA9D717EF}.AppStore|Mixed Platforms.ActiveCfg = AppStore|iPhone
		{556653CC-812A-446B-8877-5DAEA9D717EF}.AppStore|Mixed Platforms.Build.0 = AppStore|iPhone
		{556653CC-812A-446B-8877-5DAEA9D717EF}.AppStore|x64.ActiveCfg = AppStore|iPhone
		{556653CC-812A-446B-8877-5DAEA9D717EF}.AppStore|x86.ActiveCfg = AppStore|iPhone
		{556653CC-812A-446B-8877-5DAEA9D717EF}.Debug|Any CPU.ActiveCfg = Debug|iPhone
		{556653CC-812A-446B-8877-5DAEA9D717EF}.Debug|ARM.ActiveCfg = Debug|iPhone
		{556653CC-812A-446B-8877-5DAEA9D717EF}.Debug|iPhone.ActiveCfg = Debug|iPhone
		{556653CC-812A-446B-8877-5DAEA9D717EF}.Debug|iPhone.Build.0 = Debug|iPhone
		{556653CC-812A-446B-8877-5DAEA9D717EF}.Debug|iPhoneSimulator.ActiveCfg = Debug|iPhoneSimulator
		{556653CC-812A-446B-8877-5DAEA9D717EF}.Debug|iPhoneSimulator.Build.0 = Debug|iPhoneSimulator
		{556653CC-812A-446B-8877-5DAEA9D717EF}.Debug|iPhoneSimulator.Deploy.0 = Debug|iPhoneSimulator
		{556653CC-812A-446B-8877-5DAEA9D717EF}.Debug|Mixed Platforms.ActiveCfg = Debug|iPhone
		{556653CC-812A-446B-8877-5DAEA9D717EF}.Debug|Mixed Platforms.Build.0 = Debug|iPhone
		{556653CC-812A-446B-8877-5DAEA9D717EF}.Debug|x64.ActiveCfg = Debug|iPhone
		{556653CC-812A-446B-8877-5DAEA9D717EF}.Debug|x86.ActiveCfg = Debug|iPhone
		{556653CC-812A-446B-8877-5DAEA9D717EF}.Release|Any CPU.ActiveCfg = Release|iPhone
		{556653CC-812A-446B-8877-5DAEA9D717EF}.Release|ARM.ActiveCfg = Release|iPhone
		{556653CC-812A-446B-8877-5DAEA9D717EF}.Release|iPhone.ActiveCfg = Release|iPhone
		{556653CC-812A-446B-8877-5DAEA9D717EF}.Release|iPhone.Build.0 = Release|iPhone
		{556653CC-812A-446B-8877-5DAEA9D717EF}.Release|iPhoneSimulator.ActiveCfg = Release|iPhoneSimulator
		{556653CC-812A-446B-8877-5DAEA9D717EF}.Release|iPhoneSimulator.Build.0 = Release|iPhoneSimulator
		{556653CC-812A-446B-8877-5DAEA9D717EF}.Release|Mixed Platforms.ActiveCfg = Release|iPhone
		{556653CC-812A-446B-8877-5DAEA9D717EF}.Release|Mixed Platforms.Build.0 = Release|iPhone
		{556653CC-812A-446B-8877-5DAEA9D717EF}.Release|x64.ActiveCfg = Release|iPhone
		{556653CC-812A-446B-8877-5DAEA9D717EF}.Release|x86.ActiveCfg = Release|iPhone
		{1884B574-C4C6-4C8C-BCAB-937A96E17459}.Ad-Hoc|Any CPU.ActiveCfg = Release|Any CPU
		{1884B574-C4C6-4C8C-BCAB-937A96E17459}.Ad-Hoc|Any CPU.Build.0 = Release|Any CPU
		{1884B574-C4C6-4C8C-BCAB-937A96E17459}.Ad-Hoc|ARM.ActiveCfg = Release|Any CPU
		{1884B574-C4C6-4C8C-BCAB-937A96E17459}.Ad-Hoc|iPhone.ActiveCfg = Release|Any CPU
		{1884B574-C4C6-4C8C-BCAB-937A96E17459}.Ad-Hoc|iPhoneSimulator.ActiveCfg = Release|Any CPU
		{1884B574-C4C6-4C8C-BCAB-937A96E17459}.Ad-Hoc|Mixed Platforms.ActiveCfg = Release|Any CPU
		{1884B574-C4C6-4C8C-BCAB-937A96E17459}.Ad-Hoc|Mixed Platforms.Build.0 = Release|Any CPU
		{1884B574-C4C6-4C8C-BCAB-937A96E17459}.Ad-Hoc|x64.ActiveCfg = Release|Any CPU
		{1884B574-C4C6-4C8C-BCAB-937A96E17459}.Ad-Hoc|x86.ActiveCfg = Release|Any CPU
		{1884B574-C4C6-4C8C-BCAB-937A96E17459}.AppStore|Any CPU.ActiveCfg = Release|Any CPU
		{1884B574-C4C6-4C8C-BCAB-937A96E17459}.AppStore|Any CPU.Build.0 = Release|Any CPU
		{1884B574-C4C6-4C8C-BCAB-937A96E17459}.AppStore|ARM.ActiveCfg = Release|Any CPU
		{1884B574-C4C6-4C8C-BCAB-937A96E17459}.AppStore|iPhone.ActiveCfg = Release|Any CPU
		{1884B574-C4C6-4C8C-BCAB-937A96E17459}.AppStore|iPhoneSimulator.ActiveCfg = Release|Any CPU
		{1884B574-C4C6-4C8C-BCAB-937A96E17459}.AppStore|Mixed Platforms.ActiveCfg = Release|Any CPU
		{1884B574-C4C6-4C8C-BCAB-937A96E17459}.AppStore|Mixed Platforms.Build.0 = Release|Any CPU
		{1884B574-C4C6-4C8C-BCAB-937A96E17459}.AppStore|x64.ActiveCfg = Release|Any CPU
		{1884B574-C4C6-4C8C-BCAB-937A96E17459}.AppStore|x86.ActiveCfg = Release|Any CPU
		{1884B574-C4C6-4C8C-BCAB-937A96E17459}.Debug|Any CPU.ActiveCfg = Debug|Any CPU
		{1884B574-C4C6-4C8C-BCAB-937A96E17459}.Debug|Any CPU.Build.0 = Debug|Any CPU
		{1884B574-C4C6-4C8C-BCAB-937A96E17459}.Debug|ARM.ActiveCfg = Debug|Any CPU
		{1884B574-C4C6-4C8C-BCAB-937A96E17459}.Debug|iPhone.ActiveCfg = Debug|Any CPU
		{1884B574-C4C6-4C8C-BCAB-937A96E17459}.Debug|iPhoneSimulator.ActiveCfg = Debug|Any CPU
		{1884B574-C4C6-4C8C-BCAB-937A96E17459}.Debug|Mixed Platforms.ActiveCfg = Debug|Any CPU
		{1884B574-C4C6-4C8C-BCAB-937A96E17459}.Debug|Mixed Platforms.Build.0 = Debug|Any CPU
		{1884B574-C4C6-4C8C-BCAB-937A96E17459}.Debug|x64.ActiveCfg = Debug|Any CPU
		{1884B574-C4C6-4C8C-BCAB-937A96E17459}.Debug|x86.ActiveCfg = Debug|Any CPU
		{1884B574-C4C6-4C8C-BCAB-937A96E17459}.Release|Any CPU.ActiveCfg = Release|Any CPU
		{1884B574-C4C6-4C8C-BCAB-937A96E17459}.Release|Any CPU.Build.0 = Release|Any CPU
		{1884B574-C4C6-4C8C-BCAB-937A96E17459}.Release|ARM.ActiveCfg = Release|Any CPU
		{1884B574-C4C6-4C8C-BCAB-937A96E17459}.Release|iPhone.ActiveCfg = Release|Any CPU
		{1884B574-C4C6-4C8C-BCAB-937A96E17459}.Release|iPhoneSimulator.ActiveCfg = Release|Any CPU
		{1884B574-C4C6-4C8C-BCAB-937A96E17459}.Release|Mixed Platforms.ActiveCfg = Release|Any CPU
		{1884B574-C4C6-4C8C-BCAB-937A96E17459}.Release|Mixed Platforms.Build.0 = Release|Any CPU
		{1884B574-C4C6-4C8C-BCAB-937A96E17459}.Release|x64.ActiveCfg = Release|Any CPU
		{1884B574-C4C6-4C8C-BCAB-937A96E17459}.Release|x86.ActiveCfg = Release|Any CPU
	EndGlobalSection
	GlobalSection(SolutionProperties) = preSolution
		HideSolutionNode = FALSE
	EndGlobalSection
	GlobalSection(NestedProjects) = preSolution
		{94DC46D6-168F-42BA-94EB-AA893BB947DB} = {A5A3A836-BE62-4337-936D-F89331DB55D2}
		{7616FB1B-E582-4B84-81C8-031E96969310} = {A5A3A836-BE62-4337-936D-F89331DB55D2}
		{E4B6E647-0B8F-4D16-94E6-D3C947FCB93E} = {A5A3A836-BE62-4337-936D-F89331DB55D2}
		{E2BBE1F7-B068-4959-B615-934DE6E16171} = {F655F97D-7892-4571-840D-0BC0FC994459}
		{1C46FB45-C23D-4154-9AA4-6D5653111EB6} = {9A431E82-FFFD-47B0-AACA-26D4E2AA2591}
		{98C1895A-1120-4E2F-89F0-526A5B997477} = {9A431E82-FFFD-47B0-AACA-26D4E2AA2591}
		{B1CECB4E-1EB8-4354-9E7C-474C1C2BBF04} = {9A431E82-FFFD-47B0-AACA-26D4E2AA2591}
		{2CF6D026-4219-461D-B60A-870536F827E4} = {9A431E82-FFFD-47B0-AACA-26D4E2AA2591}
		{556653CC-812A-446B-8877-5DAEA9D717EF} = {9A431E82-FFFD-47B0-AACA-26D4E2AA2591}
		{1884B574-C4C6-4C8C-BCAB-937A96E17459} = {9A431E82-FFFD-47B0-AACA-26D4E2AA2591}
	EndGlobalSection
EndGlobal
